
Microsoft Visual Studio Solution File, Format Version 12.00
# Visual Studio Version 16
VisualStudioVersion = 16.0.31911.196
MinimumVisualStudioVersion = 10.0.40219.1
Project("{FAE04EC0-301F-11D3-BF4B-00C04F79EFBC}") = "CinemaTicketReservationSystem.WebApi", "CinemaTicketReservationSystem.WebApi\CinemaTicketReservationSystem.WebApi.csproj", "{EC0C4AB2-7CBC-4DD4-8F5B-023AF8FE57BD}"
EndProject
Global
	GlobalSection(SolutionConfigurationPlatforms) = preSolution
		Debug|Any CPU = Debug|Any CPU
		Release|Any CPU = Release|Any CPU
	EndGlobalSection
	GlobalSection(ProjectConfigurationPlatforms) = postSolution
		{EC0C4AB2-7CBC-4DD4-8F5B-023AF8FE57BD}.Debug|Any CPU.ActiveCfg = Debug|Any CPU
		{EC0C4AB2-7CBC-4DD4-8F5B-023AF8FE57BD}.Debug|Any CPU.Build.0 = Debug|Any CPU
		{EC0C4AB2-7CBC-4DD4-8F5B-023AF8FE57BD}.Release|Any CPU.ActiveCfg = Release|Any CPU
		{EC0C4AB2-7CBC-4DD4-8F5B-023AF8FE57BD}.Release|Any CPU.Build.0 = Release|Any CPU
	EndGlobalSection
	GlobalSection(SolutionProperties) = preSolution
		HideSolutionNode = FALSE
	EndGlobalSection
	GlobalSection(ExtensibilityGlobals) = postSolution
		SolutionGuid = {09EC30ED-01E9-4316-A340-9D5862705C25}
	EndGlobalSection
EndGlobal
