
Microsoft Visual Studio Solution File, Format Version 12.00
# Visual Studio Version 16
VisualStudioVersion = 16.0.31911.196
MinimumVisualStudioVersion = 10.0.40219.1
Project("{9A19103F-16F7-4668-BE54-9A1E7A4F7556}") = "CinemaTicketReservationSystem.WebApi", "CinemaTicketReservationSystem.WebApi\CinemaTicketReservationSystem.WebApi.csproj", "{EC0C4AB2-7CBC-4DD4-8F5B-023AF8FE57BD}"
EndProject
Project("{FAE04EC0-301F-11D3-BF4B-00C04F79EFBC}") = "CinemaTicketReservationSystem.BLL", "CinemaTicketReservationSystem.BLL\CinemaTicketReservationSystem.BLL.csproj", "{D3FEF0DA-4116-45A9-8621-0A1BC83C8456}"
EndProject
Project("{FAE04EC0-301F-11D3-BF4B-00C04F79EFBC}") = "CinemaTicketReservationSystem.DAL", "CinemaTicketReservationSystem.DAL\CinemaTicketReservationSystem.DAL.csproj", "{BD936B34-E16B-4C11-9D31-11C787FAB34C}"
EndProject
Global
	GlobalSection(SolutionConfigurationPlatforms) = preSolution
		Debug|Any CPU = Debug|Any CPU
		Release|Any CPU = Release|Any CPU
	EndGlobalSection
	GlobalSection(ProjectConfigurationPlatforms) = postSolution
		{EC0C4AB2-7CBC-4DD4-8F5B-023AF8FE57BD}.Debug|Any CPU.ActiveCfg = Debug|Any CPU
		{EC0C4AB2-7CBC-4DD4-8F5B-023AF8FE57BD}.Debug|Any CPU.Build.0 = Debug|Any CPU
		{EC0C4AB2-7CBC-4DD4-8F5B-023AF8FE57BD}.Release|Any CPU.ActiveCfg = Release|Any CPU
		{EC0C4AB2-7CBC-4DD4-8F5B-023AF8FE57BD}.Release|Any CPU.Build.0 = Release|Any CPU
		{D3FEF0DA-4116-45A9-8621-0A1BC83C8456}.Debug|Any CPU.ActiveCfg = Debug|Any CPU
		{D3FEF0DA-4116-45A9-8621-0A1BC83C8456}.Debug|Any CPU.Build.0 = Debug|Any CPU
		{D3FEF0DA-4116-45A9-8621-0A1BC83C8456}.Release|Any CPU.ActiveCfg = Release|Any CPU
		{D3FEF0DA-4116-45A9-8621-0A1BC83C8456}.Release|Any CPU.Build.0 = Release|Any CPU
		{BD936B34-E16B-4C11-9D31-11C787FAB34C}.Debug|Any CPU.ActiveCfg = Debug|Any CPU
		{BD936B34-E16B-4C11-9D31-11C787FAB34C}.Debug|Any CPU.Build.0 = Debug|Any CPU
		{BD936B34-E16B-4C11-9D31-11C787FAB34C}.Release|Any CPU.ActiveCfg = Release|Any CPU
		{BD936B34-E16B-4C11-9D31-11C787FAB34C}.Release|Any CPU.Build.0 = Release|Any CPU
	EndGlobalSection
	GlobalSection(SolutionProperties) = preSolution
		HideSolutionNode = FALSE
	EndGlobalSection
	GlobalSection(ExtensibilityGlobals) = postSolution
		SolutionGuid = {09EC30ED-01E9-4316-A340-9D5862705C25}
	EndGlobalSection
EndGlobal
